
Microsoft Visual Studio Solution File, Format Version 12.00
# Visual Studio Version 17
VisualStudioVersion = 17.14.36327.8 d17.14
MinimumVisualStudioVersion = 10.0.40219.1
Project("{FAE04EC0-301F-11D3-BF4B-00C04F79EFBC}") = "CRM  Project", "CRM  Project\CRM  Project.csproj", "{542200A3-E693-4229-A21B-2FEDB4D1FA1C}"
EndProject
Global
	GlobalSection(SolutionConfigurationPlatforms) = preSolution
		Debug|Any CPU = Debug|Any CPU
		Release|Any CPU = Release|Any CPU
	EndGlobalSection
	GlobalSection(ProjectConfigurationPlatforms) = postSolution
		{542200A3-E693-4229-A21B-2FEDB4D1FA1C}.Debug|Any CPU.ActiveCfg = Debug|Any CPU
		{542200A3-E693-4229-A21B-2FEDB4D1FA1C}.Debug|Any CPU.Build.0 = Debug|Any CPU
		{542200A3-E693-4229-A21B-2FEDB4D1FA1C}.Release|Any CPU.ActiveCfg = Release|Any CPU
		{542200A3-E693-4229-A21B-2FEDB4D1FA1C}.Release|Any CPU.Build.0 = Release|Any CPU
	EndGlobalSection
	GlobalSection(SolutionProperties) = preSolution
		HideSolutionNode = FALSE
	EndGlobalSection
	GlobalSection(ExtensibilityGlobals) = postSolution
		SolutionGuid = {B99E3CE2-DE92-4558-B756-933750C334BC}
	EndGlobalSection
EndGlobal
